// !$*UTF8*$!
{
	archiveVersion = 1;
	classes = {
	};
	objectVersion = 46;
	objects = {

/* Begin PBXBuildFile section */
		90AD783C158BB11100E30109 /* UIKit.framework in Frameworks */ = {isa = PBXBuildFile; fileRef = 90AD783B158BB11100E30109 /* UIKit.framework */; };
		90AD783E158BB11100E30109 /* Foundation.framework in Frameworks */ = {isa = PBXBuildFile; fileRef = 90AD783D158BB11100E30109 /* Foundation.framework */; };
		90AD7840158BB11100E30109 /* CoreGraphics.framework in Frameworks */ = {isa = PBXBuildFile; fileRef = 90AD783F158BB11100E30109 /* CoreGraphics.framework */; };
		90AD7846158BB11100E30109 /* InfoPlist.strings in Resources */ = {isa = PBXBuildFile; fileRef = 90AD7844158BB11100E30109 /* InfoPlist.strings */; };
		90AD7848158BB11100E30109 /* main.m in Sources */ = {isa = PBXBuildFile; fileRef = 90AD7847158BB11100E30109 /* main.m */; };
		90AD784C158BB11100E30109 /* ALAppDelegate.m in Sources */ = {isa = PBXBuildFile; fileRef = 90AD784B158BB11100E30109 /* ALAppDelegate.m */; };
		90AD784F158BB11100E30109 /* MainStoryboard.storyboard in Resources */ = {isa = PBXBuildFile; fileRef = 90AD784D158BB11100E30109 /* MainStoryboard.storyboard */; };
		90AD7852158BB11100E30109 /* ALViewController.m in Sources */ = {isa = PBXBuildFile; fileRef = 90AD7851158BB11100E30109 /* ALViewController.m */; };
		90AD785A158BB11100E30109 /* SenTestingKit.framework in Frameworks */ = {isa = PBXBuildFile; fileRef = 90AD7859158BB11100E30109 /* SenTestingKit.framework */; };
		90AD785B158BB11100E30109 /* UIKit.framework in Frameworks */ = {isa = PBXBuildFile; fileRef = 90AD783B158BB11100E30109 /* UIKit.framework */; };
		90AD785C158BB11100E30109 /* Foundation.framework in Frameworks */ = {isa = PBXBuildFile; fileRef = 90AD783D158BB11100E30109 /* Foundation.framework */; };
		90AD7864158BB11100E30109 /* InfoPlist.strings in Resources */ = {isa = PBXBuildFile; fileRef = 90AD7862158BB11100E30109 /* InfoPlist.strings */; };
		90AD7867158BB11100E30109 /* DemoTests.m in Sources */ = {isa = PBXBuildFile; fileRef = 90AD7866158BB11100E30109 /* DemoTests.m */; };
/* End PBXBuildFile section */

/* Begin PBXContainerItemProxy section */
		90AD785D158BB11100E30109 /* PBXContainerItemProxy */ = {
			isa = PBXContainerItemProxy;
			containerPortal = 90AD782E158BB11000E30109 /* Project object */;
			proxyType = 1;
			remoteGlobalIDString = 90AD7836158BB11100E30109;
			remoteInfo = Demo;
		};
/* End PBXContainerItemProxy section */

/* Begin PBXFileReference section */
		90AD7837158BB11100E30109 /* Demo.app */ = {isa = PBXFileReference; explicitFileType = wrapper.application; includeInIndex = 0; path = Demo.app; sourceTree = BUILT_PRODUCTS_DIR; };
		90AD783B158BB11100E30109 /* UIKit.framework */ = {isa = PBXFileReference; lastKnownFileType = wrapper.framework; name = UIKit.framework; path = System/Library/Frameworks/UIKit.framework; sourceTree = SDKROOT; };
		90AD783D158BB11100E30109 /* Foundation.framework */ = {isa = PBXFileReference; lastKnownFileType = wrapper.framework; name = Foundation.framework; path = System/Library/Frameworks/Foundation.framework; sourceTree = SDKROOT; };
		90AD783F158BB11100E30109 /* CoreGraphics.framework */ = {isa = PBXFileReference; lastKnownFileType = wrapper.framework; name = CoreGraphics.framework; path = System/Library/Frameworks/CoreGraphics.framework; sourceTree = SDKROOT; };
		90AD7843158BB11100E30109 /* Demo-Info.plist */ = {isa = PBXFileReference; lastKnownFileType = text.plist.xml; path = "Demo-Info.plist"; sourceTree = "<group>"; };
		90AD7845158BB11100E30109 /* en */ = {isa = PBXFileReference; lastKnownFileType = text.plist.strings; name = en; path = en.lproj/InfoPlist.strings; sourceTree = "<group>"; };
		90AD7847158BB11100E30109 /* main.m */ = {isa = PBXFileReference; lastKnownFileType = sourcecode.c.objc; path = main.m; sourceTree = "<group>"; };
		90AD7849158BB11100E30109 /* Demo-Prefix.pch */ = {isa = PBXFileReference; lastKnownFileType = sourcecode.c.h; path = "Demo-Prefix.pch"; sourceTree = "<group>"; };
		90AD784A158BB11100E30109 /* ALAppDelegate.h */ = {isa = PBXFileReference; lastKnownFileType = sourcecode.c.h; path = ALAppDelegate.h; sourceTree = "<group>"; };
		90AD784B158BB11100E30109 /* ALAppDelegate.m */ = {isa = PBXFileReference; lastKnownFileType = sourcecode.c.objc; path = ALAppDelegate.m; sourceTree = "<group>"; };
		90AD784E158BB11100E30109 /* en */ = {isa = PBXFileReference; lastKnownFileType = file.storyboard; name = en; path = en.lproj/MainStoryboard.storyboard; sourceTree = "<group>"; };
		90AD7850158BB11100E30109 /* ALViewController.h */ = {isa = PBXFileReference; lastKnownFileType = sourcecode.c.h; path = ALViewController.h; sourceTree = "<group>"; };
		90AD7851158BB11100E30109 /* ALViewController.m */ = {isa = PBXFileReference; lastKnownFileType = sourcecode.c.objc; path = ALViewController.m; sourceTree = "<group>"; };
		90AD7858158BB11100E30109 /* DemoTests.octest */ = {isa = PBXFileReference; explicitFileType = wrapper.cfbundle; includeInIndex = 0; path = DemoTests.octest; sourceTree = BUILT_PRODUCTS_DIR; };
		90AD7859158BB11100E30109 /* SenTestingKit.framework */ = {isa = PBXFileReference; lastKnownFileType = wrapper.framework; name = SenTestingKit.framework; path = Library/Frameworks/SenTestingKit.framework; sourceTree = DEVELOPER_DIR; };
		90AD7861158BB11100E30109 /* DemoTests-Info.plist */ = {isa = PBXFileReference; lastKnownFileType = text.plist.xml; path = "DemoTests-Info.plist"; sourceTree = "<group>"; };
		90AD7863158BB11100E30109 /* en */ = {isa = PBXFileReference; lastKnownFileType = text.plist.strings; name = en; path = en.lproj/InfoPlist.strings; sourceTree = "<group>"; };
		90AD7865158BB11100E30109 /* DemoTests.h */ = {isa = PBXFileReference; lastKnownFileType = sourcecode.c.h; path = DemoTests.h; sourceTree = "<group>"; };
		90AD7866158BB11100E30109 /* DemoTests.m */ = {isa = PBXFileReference; lastKnownFileType = sourcecode.c.objc; path = DemoTests.m; sourceTree = "<group>"; };
/* End PBXFileReference section */

/* Begin PBXFrameworksBuildPhase section */
		90AD7834158BB11100E30109 /* Frameworks */ = {
			isa = PBXFrameworksBuildPhase;
			buildActionMask = 2147483647;
			files = (
				90AD783C158BB11100E30109 /* UIKit.framework in Frameworks */,
				90AD783E158BB11100E30109 /* Foundation.framework in Frameworks */,
				90AD7840158BB11100E30109 /* CoreGraphics.framework in Frameworks */,
			);
			runOnlyForDeploymentPostprocessing = 0;
		};
		90AD7854158BB11100E30109 /* Frameworks */ = {
			isa = PBXFrameworksBuildPhase;
			buildActionMask = 2147483647;
			files = (
				90AD785A158BB11100E30109 /* SenTestingKit.framework in Frameworks */,
				90AD785B158BB11100E30109 /* UIKit.framework in Frameworks */,
				90AD785C158BB11100E30109 /* Foundation.framework in Frameworks */,
			);
			runOnlyForDeploymentPostprocessing = 0;
		};
/* End PBXFrameworksBuildPhase section */

/* Begin PBXGroup section */
		90AD782C158BB11000E30109 = {
			isa = PBXGroup;
			children = (
				90AD7841158BB11100E30109 /* Demo */,
				90AD785F158BB11100E30109 /* DemoTests */,
				90AD783A158BB11100E30109 /* Frameworks */,
				90AD7838158BB11100E30109 /* Products */,
			);
			sourceTree = "<group>";
		};
		90AD7838158BB11100E30109 /* Products */ = {
			isa = PBXGroup;
			children = (
				90AD7837158BB11100E30109 /* Demo.app */,
				90AD7858158BB11100E30109 /* DemoTests.octest */,
			);
			name = Products;
			sourceTree = "<group>";
		};
		90AD783A158BB11100E30109 /* Frameworks */ = {
			isa = PBXGroup;
			children = (
				90AD783B158BB11100E30109 /* UIKit.framework */,
				90AD783D158BB11100E30109 /* Foundation.framework */,
				90AD783F158BB11100E30109 /* CoreGraphics.framework */,
				90AD7859158BB11100E30109 /* SenTestingKit.framework */,
			);
			name = Frameworks;
			sourceTree = "<group>";
		};
		90AD7841158BB11100E30109 /* Demo */ = {
			isa = PBXGroup;
			children = (
				90AD784A158BB11100E30109 /* ALAppDelegate.h */,
				90AD784B158BB11100E30109 /* ALAppDelegate.m */,
				90AD784D158BB11100E30109 /* MainStoryboard.storyboard */,
				90AD7850158BB11100E30109 /* ALViewController.h */,
				90AD7851158BB11100E30109 /* ALViewController.m */,
				90AD7842158BB11100E30109 /* Supporting Files */,
			);
			path = Demo;
			sourceTree = "<group>";
		};
		90AD7842158BB11100E30109 /* Supporting Files */ = {
			isa = PBXGroup;
			children = (
				90AD7843158BB11100E30109 /* Demo-Info.plist */,
				90AD7844158BB11100E30109 /* InfoPlist.strings */,
				90AD7847158BB11100E30109 /* main.m */,
				90AD7849158BB11100E30109 /* Demo-Prefix.pch */,
			);
			name = "Supporting Files";
			sourceTree = "<group>";
		};
		90AD785F158BB11100E30109 /* DemoTests */ = {
			isa = PBXGroup;
			children = (
				90AD7865158BB11100E30109 /* DemoTests.h */,
				90AD7866158BB11100E30109 /* DemoTests.m */,
				90AD7860158BB11100E30109 /* Supporting Files */,
			);
			path = DemoTests;
			sourceTree = "<group>";
		};
		90AD7860158BB11100E30109 /* Supporting Files */ = {
			isa = PBXGroup;
			children = (
				90AD7861158BB11100E30109 /* DemoTests-Info.plist */,
				90AD7862158BB11100E30109 /* InfoPlist.strings */,
			);
			name = "Supporting Files";
			sourceTree = "<group>";
		};
/* End PBXGroup section */

/* Begin PBXNativeTarget section */
		90AD7836158BB11100E30109 /* Demo */ = {
			isa = PBXNativeTarget;
			buildConfigurationList = 90AD786A158BB11100E30109 /* Build configuration list for PBXNativeTarget "Demo" */;
			buildPhases = (
				90AD7833158BB11100E30109 /* Sources */,
				90AD7834158BB11100E30109 /* Frameworks */,
				90AD7835158BB11100E30109 /* Resources */,
			);
			buildRules = (
			);
			dependencies = (
			);
			name = Demo;
			productName = Demo;
			productReference = 90AD7837158BB11100E30109 /* Demo.app */;
			productType = "com.apple.product-type.application";
		};
		90AD7857158BB11100E30109 /* DemoTests */ = {
			isa = PBXNativeTarget;
			buildConfigurationList = 90AD786D158BB11100E30109 /* Build configuration list for PBXNativeTarget "DemoTests" */;
			buildPhases = (
				90AD7853158BB11100E30109 /* Sources */,
				90AD7854158BB11100E30109 /* Frameworks */,
				90AD7855158BB11100E30109 /* Resources */,
				90AD7856158BB11100E30109 /* ShellScript */,
			);
			buildRules = (
			);
			dependencies = (
				90AD785E158BB11100E30109 /* PBXTargetDependency */,
			);
			name = DemoTests;
			productName = DemoTests;
			productReference = 90AD7858158BB11100E30109 /* DemoTests.octest */;
			productType = "com.apple.product-type.bundle";
		};
/* End PBXNativeTarget section */

/* Begin PBXProject section */
		90AD782E158BB11000E30109 /* Project object */ = {
			isa = PBXProject;
			attributes = {
				CLASSPREFIX = AL;
				LastUpgradeCheck = 0430;
			};
			buildConfigurationList = 90AD7831158BB11000E30109 /* Build configuration list for PBXProject "Demo" */;
			compatibilityVersion = "Xcode 3.2";
			developmentRegion = English;
			hasScannedForEncodings = 0;
			knownRegions = (
				en,
			);
			mainGroup = 90AD782C158BB11000E30109;
			productRefGroup = 90AD7838158BB11100E30109 /* Products */;
			projectDirPath = "";
			projectRoot = "";
			targets = (
				90AD7836158BB11100E30109 /* Demo */,
				90AD7857158BB11100E30109 /* DemoTests */,
			);
		};
/* End PBXProject section */

/* Begin PBXResourcesBuildPhase section */
		90AD7835158BB11100E30109 /* Resources */ = {
			isa = PBXResourcesBuildPhase;
			buildActionMask = 2147483647;
			files = (
				90AD7846158BB11100E30109 /* InfoPlist.strings in Resources */,
				90AD784F158BB11100E30109 /* MainStoryboard.storyboard in Resources */,
			);
			runOnlyForDeploymentPostprocessing = 0;
		};
		90AD7855158BB11100E30109 /* Resources */ = {
			isa = PBXResourcesBuildPhase;
			buildActionMask = 2147483647;
			files = (
				90AD7864158BB11100E30109 /* InfoPlist.strings in Resources */,
			);
			runOnlyForDeploymentPostprocessing = 0;
		};
/* End PBXResourcesBuildPhase section */

/* Begin PBXShellScriptBuildPhase section */
		90AD7856158BB11100E30109 /* ShellScript */ = {
			isa = PBXShellScriptBuildPhase;
			buildActionMask = 2147483647;
			files = (
			);
			inputPaths = (
			);
			outputPaths = (
			);
			runOnlyForDeploymentPostprocessing = 0;
			shellPath = /bin/sh;
			shellScript = "# Run the unit tests in this test bundle.\n\"${SYSTEM_DEVELOPER_DIR}/Tools/RunUnitTests\"\n";
		};
/* End PBXShellScriptBuildPhase section */

/* Begin PBXSourcesBuildPhase section */
		90AD7833158BB11100E30109 /* Sources */ = {
			isa = PBXSourcesBuildPhase;
			buildActionMask = 2147483647;
			files = (
				90AD7848158BB11100E30109 /* main.m in Sources */,
				90AD784C158BB11100E30109 /* ALAppDelegate.m in Sources */,
				90AD7852158BB11100E30109 /* ALViewController.m in Sources */,
			);
			runOnlyForDeploymentPostprocessing = 0;
		};
		90AD7853158BB11100E30109 /* Sources */ = {
			isa = PBXSourcesBuildPhase;
			buildActionMask = 2147483647;
			files = (
				90AD7867158BB11100E30109 /* DemoTests.m in Sources */,
			);
			runOnlyForDeploymentPostprocessing = 0;
		};
/* End PBXSourcesBuildPhase section */

/* Begin PBXTargetDependency section */
		90AD785E158BB11100E30109 /* PBXTargetDependency */ = {
			isa = PBXTargetDependency;
			target = 90AD7836158BB11100E30109 /* Demo */;
			targetProxy = 90AD785D158BB11100E30109 /* PBXContainerItemProxy */;
		};
/* End PBXTargetDependency section */

/* Begin PBXVariantGroup section */
		90AD7844158BB11100E30109 /* InfoPlist.strings */ = {
			isa = PBXVariantGroup;
			children = (
				90AD7845158BB11100E30109 /* en */,
			);
			name = InfoPlist.strings;
			sourceTree = "<group>";
		};
		90AD784D158BB11100E30109 /* MainStoryboard.storyboard */ = {
			isa = PBXVariantGroup;
			children = (
				90AD784E158BB11100E30109 /* en */,
			);
			name = MainStoryboard.storyboard;
			sourceTree = "<group>";
		};
		90AD7862158BB11100E30109 /* InfoPlist.strings */ = {
			isa = PBXVariantGroup;
			children = (
				90AD7863158BB11100E30109 /* en */,
			);
			name = InfoPlist.strings;
			sourceTree = "<group>";
		};
/* End PBXVariantGroup section */

/* Begin XCBuildConfiguration section */
		90AD7868158BB11100E30109 /* Debug */ = {
			isa = XCBuildConfiguration;
			buildSettings = {
				ALWAYS_SEARCH_USER_PATHS = NO;
				ARCHS = "$(ARCHS_STANDARD_32_BIT)";
				CLANG_ENABLE_OBJC_ARC = YES;
				"CODE_SIGN_IDENTITY[sdk=iphoneos*]" = "iPhone Developer";
				COPY_PHASE_STRIP = NO;
				GCC_C_LANGUAGE_STANDARD = gnu99;
				GCC_DYNAMIC_NO_PIC = NO;
				GCC_OPTIMIZATION_LEVEL = 0;
				GCC_PREPROCESSOR_DEFINITIONS = (
					"DEBUG=1",
					"$(inherited)",
				);
				GCC_SYMBOLS_PRIVATE_EXTERN = NO;
				GCC_VERSION = com.apple.compilers.llvm.clang.1_0;
				GCC_WARN_ABOUT_RETURN_TYPE = YES;
				GCC_WARN_UNINITIALIZED_AUTOS = YES;
				GCC_WARN_UNUSED_VARIABLE = YES;
				IPHONEOS_DEPLOYMENT_TARGET = 5.1;
				SDKROOT = iphoneos;
			};
			name = Debug;
		};
		90AD7869158BB11100E30109 /* Release */ = {
			isa = XCBuildConfiguration;
			buildSettings = {
				ALWAYS_SEARCH_USER_PATHS = NO;
				ARCHS = "$(ARCHS_STANDARD_32_BIT)";
				CLANG_ENABLE_OBJC_ARC = YES;
				"CODE_SIGN_IDENTITY[sdk=iphoneos*]" = "iPhone Developer";
				COPY_PHASE_STRIP = YES;
				GCC_C_LANGUAGE_STANDARD = gnu99;
				GCC_VERSION = com.apple.compilers.llvm.clang.1_0;
				GCC_WARN_ABOUT_RETURN_TYPE = YES;
				GCC_WARN_UNINITIALIZED_AUTOS = YES;
				GCC_WARN_UNUSED_VARIABLE = YES;
				IPHONEOS_DEPLOYMENT_TARGET = 5.1;
				OTHER_CFLAGS = "-DNS_BLOCK_ASSERTIONS=1";
				SDKROOT = iphoneos;
				VALIDATE_PRODUCT = YES;
			};
			name = Release;
		};
		90AD786B158BB11100E30109 /* Debug */ = {
			isa = XCBuildConfiguration;
			buildSettings = {
				GCC_PRECOMPILE_PREFIX_HEADER = YES;
				GCC_PREFIX_HEADER = "Demo/Demo-Prefix.pch";
				INFOPLIST_FILE = "Demo/Demo-Info.plist";
				PRODUCT_NAME = "$(TARGET_NAME)";
				WRAPPER_EXTENSION = app;
			};
			name = Debug;
		};
		90AD786C158BB11100E30109 /* Release */ = {
			isa = XCBuildConfiguration;
			buildSettings = {
				GCC_PRECOMPILE_PREFIX_HEADER = YES;
				GCC_PREFIX_HEADER = "Demo/Demo-Prefix.pch";
				INFOPLIST_FILE = "Demo/Demo-Info.plist";
				PRODUCT_NAME = "$(TARGET_NAME)";
				WRAPPER_EXTENSION = app;
			};
			name = Release;
		};
		90AD786E158BB11100E30109 /* Debug */ = {
			isa = XCBuildConfiguration;
			buildSettings = {
				BUNDLE_LOADER = "$(BUILT_PRODUCTS_DIR)/Demo.app/Demo";
				FRAMEWORK_SEARCH_PATHS = (
					"$(SDKROOT)/Developer/Library/Frameworks",
					"$(DEVELOPER_LIBRARY_DIR)/Frameworks",
				);
				GCC_PRECOMPILE_PREFIX_HEADER = YES;
				GCC_PREFIX_HEADER = "Demo/Demo-Prefix.pch";
				INFOPLIST_FILE = "DemoTests/DemoTests-Info.plist";
				PRODUCT_NAME = "$(TARGET_NAME)";
				TEST_HOST = "$(BUNDLE_LOADER)";
				WRAPPER_EXTENSION = octest;
			};
			name = Debug;
		};
		90AD786F158BB11100E30109 /* Release */ = {
			isa = XCBuildConfiguration;
			buildSettings = {
				BUNDLE_LOADER = "$(BUILT_PRODUCTS_DIR)/Demo.app/Demo";
				FRAMEWORK_SEARCH_PATHS = (
					"$(SDKROOT)/Developer/Library/Frameworks",
					"$(DEVELOPER_LIBRARY_DIR)/Frameworks",
				);
				GCC_PRECOMPILE_PREFIX_HEADER = YES;
				GCC_PREFIX_HEADER = "Demo/Demo-Prefix.pch";
				INFOPLIST_FILE = "DemoTests/DemoTests-Info.plist";
				PRODUCT_NAME = "$(TARGET_NAME)";
				TEST_HOST = "$(BUNDLE_LOADER)";
				WRAPPER_EXTENSION = octest;
			};
			name = Release;
		};
/* End XCBuildConfiguration section */

/* Begin XCConfigurationList section */
		90AD7831158BB11000E30109 /* Build configuration list for PBXProject "Demo" */ = {
			isa = XCConfigurationList;
			buildConfigurations = (
				90AD7868158BB11100E30109 /* Debug */,
				90AD7869158BB11100E30109 /* Release */,
			);
			defaultConfigurationIsVisible = 0;
			defaultConfigurationName = Release;
		};
		90AD786A158BB11100E30109 /* Build configuration list for PBXNativeTarget "Demo" */ = {
			isa = XCConfigurationList;
			buildConfigurations = (
				90AD786B158BB11100E30109 /* Debug */,
				90AD786C158BB11100E30109 /* Release */,
			);
			defaultConfigurationIsVisible = 0;
		};
		90AD786D158BB11100E30109 /* Build configuration list for PBXNativeTarget "DemoTests" */ = {
			isa = XCConfigurationList;
			buildConfigurations = (
				90AD786E158BB11100E30109 /* Debug */,
				90AD786F158BB11100E30109 /* Release */,
			);
			defaultConfigurationIsVisible = 0;
		};
/* End XCConfigurationList section */
	};
	rootObject = 90AD782E158BB11000E30109 /* Project object */;
}
